
Microsoft Visual Studio Solution File, Format Version 12.00
# Visual Studio 14
VisualStudioVersion = 14.0.25420.1
MinimumVisualStudioVersion = 10.0.40219.1
Project("{FAE04EC0-301F-11D3-BF4B-00C04F79EFBC}") = "Bibliothouris", "Bibliothouris\Bibliothouris.csproj", "{83BCE08E-C9CC-48BE-9953-2B126E8D1096}"
EndProject
Project("{FAE04EC0-301F-11D3-BF4B-00C04F79EFBC}") = "Tests", "Tests\Tests.csproj", "{83670879-8A12-4F4B-9D87-F76A7ED8B829}"
EndProject
Global
	GlobalSection(SolutionConfigurationPlatforms) = preSolution
		Debug|Any CPU = Debug|Any CPU
		Release|Any CPU = Release|Any CPU
	EndGlobalSection
	GlobalSection(ProjectConfigurationPlatforms) = postSolution
		{83BCE08E-C9CC-48BE-9953-2B126E8D1096}.Debug|Any CPU.ActiveCfg = Debug|Any CPU
		{83BCE08E-C9CC-48BE-9953-2B126E8D1096}.Debug|Any CPU.Build.0 = Debug|Any CPU
		{83BCE08E-C9CC-48BE-9953-2B126E8D1096}.Release|Any CPU.ActiveCfg = Release|Any CPU
		{83BCE08E-C9CC-48BE-9953-2B126E8D1096}.Release|Any CPU.Build.0 = Release|Any CPU
		{83670879-8A12-4F4B-9D87-F76A7ED8B829}.Debug|Any CPU.ActiveCfg = Debug|Any CPU
		{83670879-8A12-4F4B-9D87-F76A7ED8B829}.Debug|Any CPU.Build.0 = Debug|Any CPU
		{83670879-8A12-4F4B-9D87-F76A7ED8B829}.Release|Any CPU.ActiveCfg = Release|Any CPU
		{83670879-8A12-4F4B-9D87-F76A7ED8B829}.Release|Any CPU.Build.0 = Release|Any CPU
	EndGlobalSection
	GlobalSection(SolutionProperties) = preSolution
		HideSolutionNode = FALSE
	EndGlobalSection
EndGlobal
